// !$*UTF8*$!
{
	archiveVersion = 1;
	classes = {
	};
	objectVersion = 56;
	objects = {

/* Begin PBXBuildFile section */
		37B93161AD6EC7244D23D101 /* libPods-xCodeApp.a in Frameworks */ = {isa = PBXBuildFile; fileRef = 5E83B9DAC736F3D6570854C4 /* libPods-xCodeApp.a */; };
		A0028BBF2AF973000043DE84 /* xCodeAppApp.swift in Sources */ = {isa = PBXBuildFile; fileRef = A0028BBE2AF973000043DE84 /* xCodeAppApp.swift */; };
		A0028BC12AF973000043DE84 /* ContentView.swift in Sources */ = {isa = PBXBuildFile; fileRef = A0028BC02AF973000043DE84 /* ContentView.swift */; };
		A0028BC32AF973010043DE84 /* Assets.xcassets in Resources */ = {isa = PBXBuildFile; fileRef = A0028BC22AF973010043DE84 /* Assets.xcassets */; };
		A0028BC72AF973010043DE84 /* Preview Assets.xcassets in Resources */ = {isa = PBXBuildFile; fileRef = A0028BC62AF973010043DE84 /* Preview Assets.xcassets */; };
		A0028BD12AF973010043DE84 /* xCodeAppTests.swift in Sources */ = {isa = PBXBuildFile; fileRef = A0028BD02AF973010043DE84 /* xCodeAppTests.swift */; };
		A0028BDB2AF973010043DE84 /* xCodeAppUITests.swift in Sources */ = {isa = PBXBuildFile; fileRef = A0028BDA2AF973010043DE84 /* xCodeAppUITests.swift */; };
		A0028BDD2AF973010043DE84 /* xCodeAppUITestsLaunchTests.swift in Sources */ = {isa = PBXBuildFile; fileRef = A0028BDC2AF973010043DE84 /* xCodeAppUITestsLaunchTests.swift */; };
/* End PBXBuildFile section */

/* Begin PBXContainerItemProxy section */
		A0028BCD2AF973010043DE84 /* PBXContainerItemProxy */ = {
			isa = PBXContainerItemProxy;
			containerPortal = A0028BB32AF973000043DE84 /* Project object */;
			proxyType = 1;
			remoteGlobalIDString = A0028BBA2AF973000043DE84;
			remoteInfo = xCodeApp;
		};
		A0028BD72AF973010043DE84 /* PBXContainerItemProxy */ = {
			isa = PBXContainerItemProxy;
			containerPortal = A0028BB32AF973000043DE84 /* Project object */;
			proxyType = 1;
			remoteGlobalIDString = A0028BBA2AF973000043DE84;
			remoteInfo = xCodeApp;
		};
/* End PBXContainerItemProxy section */

/* Begin PBXFileReference section */
		3DBFEA699790F7785BB63C1C /* Pods-xCodeApp.release.xcconfig */ = {isa = PBXFileReference; includeInIndex = 1; lastKnownFileType = text.xcconfig; name = "Pods-xCodeApp.release.xcconfig"; path = "Target Support Files/Pods-xCodeApp/Pods-xCodeApp.release.xcconfig"; sourceTree = "<group>"; };
		5E83B9DAC736F3D6570854C4 /* libPods-xCodeApp.a */ = {isa = PBXFileReference; explicitFileType = archive.ar; includeInIndex = 0; path = "libPods-xCodeApp.a"; sourceTree = BUILT_PRODUCTS_DIR; };
		755015D7748CD7159667B44D /* Pods-xCodeApp.debug.xcconfig */ = {isa = PBXFileReference; includeInIndex = 1; lastKnownFileType = text.xcconfig; name = "Pods-xCodeApp.debug.xcconfig"; path = "Target Support Files/Pods-xCodeApp/Pods-xCodeApp.debug.xcconfig"; sourceTree = "<group>"; };
		A0028BBB2AF973000043DE84 /* xCodeApp.app */ = {isa = PBXFileReference; explicitFileType = wrapper.application; includeInIndex = 0; path = xCodeApp.app; sourceTree = BUILT_PRODUCTS_DIR; };
		A0028BBE2AF973000043DE84 /* xCodeAppApp.swift */ = {isa = PBXFileReference; lastKnownFileType = sourcecode.swift; path = xCodeAppApp.swift; sourceTree = "<group>"; };
		A0028BC02AF973000043DE84 /* ContentView.swift */ = {isa = PBXFileReference; lastKnownFileType = sourcecode.swift; path = ContentView.swift; sourceTree = "<group>"; };
		A0028BC22AF973010043DE84 /* Assets.xcassets */ = {isa = PBXFileReference; lastKnownFileType = folder.assetcatalog; path = Assets.xcassets; sourceTree = "<group>"; };
		A0028BC42AF973010043DE84 /* xCodeApp.entitlements */ = {isa = PBXFileReference; lastKnownFileType = text.plist.entitlements; path = xCodeApp.entitlements; sourceTree = "<group>"; };
		A0028BC62AF973010043DE84 /* Preview Assets.xcassets */ = {isa = PBXFileReference; lastKnownFileType = folder.assetcatalog; path = "Preview Assets.xcassets"; sourceTree = "<group>"; };
		A0028BCC2AF973010043DE84 /* xCodeAppTests.xctest */ = {isa = PBXFileReference; explicitFileType = wrapper.cfbundle; includeInIndex = 0; path = xCodeAppTests.xctest; sourceTree = BUILT_PRODUCTS_DIR; };
		A0028BD02AF973010043DE84 /* xCodeAppTests.swift */ = {isa = PBXFileReference; lastKnownFileType = sourcecode.swift; path = xCodeAppTests.swift; sourceTree = "<group>"; };
		A0028BD62AF973010043DE84 /* xCodeAppUITests.xctest */ = {isa = PBXFileReference; explicitFileType = wrapper.cfbundle; includeInIndex = 0; path = xCodeAppUITests.xctest; sourceTree = BUILT_PRODUCTS_DIR; };
		A0028BDA2AF973010043DE84 /* xCodeAppUITests.swift */ = {isa = PBXFileReference; lastKnownFileType = sourcecode.swift; path = xCodeAppUITests.swift; sourceTree = "<group>"; };
		A0028BDC2AF973010043DE84 /* xCodeAppUITestsLaunchTests.swift */ = {isa = PBXFileReference; lastKnownFileType = sourcecode.swift; path = xCodeAppUITestsLaunchTests.swift; sourceTree = "<group>"; };
/* End PBXFileReference section */

/* Begin PBXFrameworksBuildPhase section */
		A0028BB82AF973000043DE84 /* Frameworks */ = {
			isa = PBXFrameworksBuildPhase;
			buildActionMask = 2147483647;
			files = (
				37B93161AD6EC7244D23D101 /* libPods-xCodeApp.a in Frameworks */,
			);
			runOnlyForDeploymentPostprocessing = 0;
		};
		A0028BC92AF973010043DE84 /* Frameworks */ = {
			isa = PBXFrameworksBuildPhase;
			buildActionMask = 2147483647;
			files = (
			);
			runOnlyForDeploymentPostprocessing = 0;
		};
		A0028BD32AF973010043DE84 /* Frameworks */ = {
			isa = PBXFrameworksBuildPhase;
			buildActionMask = 2147483647;
			files = (
			);
			runOnlyForDeploymentPostprocessing = 0;
		};
/* End PBXFrameworksBuildPhase section */

/* Begin PBXGroup section */
		351589E7CB3FCFF9D0EC6CAF /* Pods */ = {
			isa = PBXGroup;
			children = (
				755015D7748CD7159667B44D /* Pods-xCodeApp.debug.xcconfig */,
				3DBFEA699790F7785BB63C1C /* Pods-xCodeApp.release.xcconfig */,
			);
			name = Pods;
			path = ../Pods;
			sourceTree = "<group>";
		};
		A0028BB22AF973000043DE84 = {
			isa = PBXGroup;
			children = (
				A0028BBD2AF973000043DE84 /* xCodeApp */,
				A0028BCF2AF973010043DE84 /* xCodeAppTests */,
				A0028BD92AF973010043DE84 /* xCodeAppUITests */,
				A0028BBC2AF973000043DE84 /* Products */,
				351589E7CB3FCFF9D0EC6CAF /* Pods */,
				B892A692409D82A4D296BDC6 /* Frameworks */,
			);
			sourceTree = "<group>";
		};
		A0028BBC2AF973000043DE84 /* Products */ = {
			isa = PBXGroup;
			children = (
				A0028BBB2AF973000043DE84 /* xCodeApp.app */,
				A0028BCC2AF973010043DE84 /* xCodeAppTests.xctest */,
				A0028BD62AF973010043DE84 /* xCodeAppUITests.xctest */,
			);
			name = Products;
			sourceTree = "<group>";
		};
		A0028BBD2AF973000043DE84 /* xCodeApp */ = {
			isa = PBXGroup;
			children = (
				A0028BBE2AF973000043DE84 /* xCodeAppApp.swift */,
				A0028BC02AF973000043DE84 /* ContentView.swift */,
				A0028BC22AF973010043DE84 /* Assets.xcassets */,
				A0028BC42AF973010043DE84 /* xCodeApp.entitlements */,
				A0028BC52AF973010043DE84 /* Preview Content */,
			);
			path = xCodeApp;
			sourceTree = "<group>";
		};
		A0028BC52AF973010043DE84 /* Preview Content */ = {
			isa = PBXGroup;
			children = (
				A0028BC62AF973010043DE84 /* Preview Assets.xcassets */,
			);
			path = "Preview Content";
			sourceTree = "<group>";
		};
		A0028BCF2AF973010043DE84 /* xCodeAppTests */ = {
			isa = PBXGroup;
			children = (
				A0028BD02AF973010043DE84 /* xCodeAppTests.swift */,
			);
			path = xCodeAppTests;
			sourceTree = "<group>";
		};
		A0028BD92AF973010043DE84 /* xCodeAppUITests */ = {
			isa = PBXGroup;
			children = (
				A0028BDA2AF973010043DE84 /* xCodeAppUITests.swift */,
				A0028BDC2AF973010043DE84 /* xCodeAppUITestsLaunchTests.swift */,
			);
			path = xCodeAppUITests;
			sourceTree = "<group>";
		};
		B892A692409D82A4D296BDC6 /* Frameworks */ = {
			isa = PBXGroup;
			children = (
				5E83B9DAC736F3D6570854C4 /* libPods-xCodeApp.a */,
			);
			name = Frameworks;
			sourceTree = "<group>";
		};
/* End PBXGroup section */

/* Begin PBXNativeTarget section */
		A0028BBA2AF973000043DE84 /* xCodeApp */ = {
			isa = PBXNativeTarget;
			buildConfigurationList = A0028BE02AF973010043DE84 /* Build configuration list for PBXNativeTarget "xCodeApp" */;
			buildPhases = (
				1DA855372076D538725BF760 /* [CP] Check Pods Manifest.lock */,
				A0028BB72AF973000043DE84 /* Sources */,
				A0028BB82AF973000043DE84 /* Frameworks */,
				A0028BB92AF973000043DE84 /* Resources */,
			);
			buildRules = (
			);
			dependencies = (
			);
			name = xCodeApp;
			productName = xCodeApp;
			productReference = A0028BBB2AF973000043DE84 /* xCodeApp.app */;
			productType = "com.apple.product-type.application";
		};
		A0028BCB2AF973010043DE84 /* xCodeAppTests */ = {
			isa = PBXNativeTarget;
			buildConfigurationList = A0028BE32AF973010043DE84 /* Build configuration list for PBXNativeTarget "xCodeAppTests" */;
			buildPhases = (
				A0028BC82AF973010043DE84 /* Sources */,
				A0028BC92AF973010043DE84 /* Frameworks */,
				A0028BCA2AF973010043DE84 /* Resources */,
			);
			buildRules = (
			);
			dependencies = (
				A0028BCE2AF973010043DE84 /* PBXTargetDependency */,
			);
			name = xCodeAppTests;
			productName = xCodeAppTests;
			productReference = A0028BCC2AF973010043DE84 /* xCodeAppTests.xctest */;
			productType = "com.apple.product-type.bundle.unit-test";
		};
		A0028BD52AF973010043DE84 /* xCodeAppUITests */ = {
			isa = PBXNativeTarget;
			buildConfigurationList = A0028BE62AF973010043DE84 /* Build configuration list for PBXNativeTarget "xCodeAppUITests" */;
			buildPhases = (
				A0028BD22AF973010043DE84 /* Sources */,
				A0028BD32AF973010043DE84 /* Frameworks */,
				A0028BD42AF973010043DE84 /* Resources */,
			);
			buildRules = (
			);
			dependencies = (
				A0028BD82AF973010043DE84 /* PBXTargetDependency */,
			);
			name = xCodeAppUITests;
			productName = xCodeAppUITests;
			productReference = A0028BD62AF973010043DE84 /* xCodeAppUITests.xctest */;
			productType = "com.apple.product-type.bundle.ui-testing";
		};
/* End PBXNativeTarget section */

/* Begin PBXProject section */
		A0028BB32AF973000043DE84 /* Project object */ = {
			isa = PBXProject;
			attributes = {
				BuildIndependentTargetsInParallel = 1;
				LastSwiftUpdateCheck = 1500;
				LastUpgradeCheck = 1500;
				TargetAttributes = {
					A0028BBA2AF973000043DE84 = {
						CreatedOnToolsVersion = 15.0.1;
					};
					A0028BCB2AF973010043DE84 = {
						CreatedOnToolsVersion = 15.0.1;
						TestTargetID = A0028BBA2AF973000043DE84;
					};
					A0028BD52AF973010043DE84 = {
						CreatedOnToolsVersion = 15.0.1;
						TestTargetID = A0028BBA2AF973000043DE84;
					};
				};
			};
			buildConfigurationList = A0028BB62AF973000043DE84 /* Build configuration list for PBXProject "xCodeApp" */;
			compatibilityVersion = "Xcode 14.0";
			developmentRegion = en;
			hasScannedForEncodings = 0;
			knownRegions = (
				en,
				Base,
			);
			mainGroup = A0028BB22AF973000043DE84;
			productRefGroup = A0028BBC2AF973000043DE84 /* Products */;
			projectDirPath = "";
			projectRoot = "";
			targets = (
				A0028BBA2AF973000043DE84 /* xCodeApp */,
				A0028BCB2AF973010043DE84 /* xCodeAppTests */,
				A0028BD52AF973010043DE84 /* xCodeAppUITests */,
			);
		};
/* End PBXProject section */

/* Begin PBXResourcesBuildPhase section */
		A0028BB92AF973000043DE84 /* Resources */ = {
			isa = PBXResourcesBuildPhase;
			buildActionMask = 2147483647;
			files = (
				A0028BC72AF973010043DE84 /* Preview Assets.xcassets in Resources */,
				A0028BC32AF973010043DE84 /* Assets.xcassets in Resources */,
			);
			runOnlyForDeploymentPostprocessing = 0;
		};
		A0028BCA2AF973010043DE84 /* Resources */ = {
			isa = PBXResourcesBuildPhase;
			buildActionMask = 2147483647;
			files = (
			);
			runOnlyForDeploymentPostprocessing = 0;
		};
		A0028BD42AF973010043DE84 /* Resources */ = {
			isa = PBXResourcesBuildPhase;
			buildActionMask = 2147483647;
			files = (
			);
			runOnlyForDeploymentPostprocessing = 0;
		};
/* End PBXResourcesBuildPhase section */

/* Begin PBXShellScriptBuildPhase section */
		1DA855372076D538725BF760 /* [CP] Check Pods Manifest.lock */ = {
			isa = PBXShellScriptBuildPhase;
			buildActionMask = 2147483647;
			files = (
			);
			inputFileListPaths = (
			);
			inputPaths = (
				"${PODS_PODFILE_DIR_PATH}/Podfile.lock",
				"${PODS_ROOT}/Manifest.lock",
			);
			name = "[CP] Check Pods Manifest.lock";
			outputFileListPaths = (
			);
			outputPaths = (
				"$(DERIVED_FILE_DIR)/Pods-xCodeApp-checkManifestLockResult.txt",
			);
			runOnlyForDeploymentPostprocessing = 0;
			shellPath = /bin/sh;
			shellScript = "diff \"${PODS_PODFILE_DIR_PATH}/Podfile.lock\" \"${PODS_ROOT}/Manifest.lock\" > /dev/null\nif [ $? != 0 ] ; then\n    # print error to STDERR\n    echo \"error: The sandbox is not in sync with the Podfile.lock. Run 'pod install' or update your CocoaPods installation.\" >&2\n    exit 1\nfi\n# This output is used by Xcode 'outputs' to avoid re-running this script phase.\necho \"SUCCESS\" > \"${SCRIPT_OUTPUT_FILE_0}\"\n";
			showEnvVarsInLog = 0;
		};
/* End PBXShellScriptBuildPhase section */

/* Begin PBXSourcesBuildPhase section */
		A0028BB72AF973000043DE84 /* Sources */ = {
			isa = PBXSourcesBuildPhase;
			buildActionMask = 2147483647;
			files = (
				A0028BC12AF973000043DE84 /* ContentView.swift in Sources */,
				A0028BBF2AF973000043DE84 /* xCodeAppApp.swift in Sources */,
			);
			runOnlyForDeploymentPostprocessing = 0;
		};
		A0028BC82AF973010043DE84 /* Sources */ = {
			isa = PBXSourcesBuildPhase;
			buildActionMask = 2147483647;
			files = (
				A0028BD12AF973010043DE84 /* xCodeAppTests.swift in Sources */,
			);
			runOnlyForDeploymentPostprocessing = 0;
		};
		A0028BD22AF973010043DE84 /* Sources */ = {
			isa = PBXSourcesBuildPhase;
			buildActionMask = 2147483647;
			files = (
				A0028BDD2AF973010043DE84 /* xCodeAppUITestsLaunchTests.swift in Sources */,
				A0028BDB2AF973010043DE84 /* xCodeAppUITests.swift in Sources */,
			);
			runOnlyForDeploymentPostprocessing = 0;
		};
/* End PBXSourcesBuildPhase section */

/* Begin PBXTargetDependency section */
		A0028BCE2AF973010043DE84 /* PBXTargetDependency */ = {
			isa = PBXTargetDependency;
			target = A0028BBA2AF973000043DE84 /* xCodeApp */;
			targetProxy = A0028BCD2AF973010043DE84 /* PBXContainerItemProxy */;
		};
		A0028BD82AF973010043DE84 /* PBXTargetDependency */ = {
			isa = PBXTargetDependency;
			target = A0028BBA2AF973000043DE84 /* xCodeApp */;
			targetProxy = A0028BD72AF973010043DE84 /* PBXContainerItemProxy */;
		};
/* End PBXTargetDependency section */

/* Begin XCBuildConfiguration section */
		A0028BDE2AF973010043DE84 /* Debug */ = {
			isa = XCBuildConfiguration;
			buildSettings = {
				ALWAYS_SEARCH_USER_PATHS = NO;
				ASSETCATALOG_COMPILER_GENERATE_SWIFT_ASSET_SYMBOL_EXTENSIONS = YES;
				CLANG_ANALYZER_NONNULL = YES;
				CLANG_ANALYZER_NUMBER_OBJECT_CONVERSION = YES_AGGRESSIVE;
				CLANG_CXX_LANGUAGE_STANDARD = "gnu++20";
				CLANG_ENABLE_MODULES = YES;
				CLANG_ENABLE_OBJC_ARC = YES;
				CLANG_ENABLE_OBJC_WEAK = YES;
				CLANG_WARN_BLOCK_CAPTURE_AUTORELEASING = YES;
				CLANG_WARN_BOOL_CONVERSION = YES;
				CLANG_WARN_COMMA = YES;
				CLANG_WARN_CONSTANT_CONVERSION = YES;
				CLANG_WARN_DEPRECATED_OBJC_IMPLEMENTATIONS = YES;
				CLANG_WARN_DIRECT_OBJC_ISA_USAGE = YES_ERROR;
				CLANG_WARN_DOCUMENTATION_COMMENTS = YES;
				CLANG_WARN_EMPTY_BODY = YES;
				CLANG_WARN_ENUM_CONVERSION = YES;
				CLANG_WARN_INFINITE_RECURSION = YES;
				CLANG_WARN_INT_CONVERSION = YES;
				CLANG_WARN_NON_LITERAL_NULL_CONVERSION = YES;
				CLANG_WARN_OBJC_IMPLICIT_RETAIN_SELF = YES;
				CLANG_WARN_OBJC_LITERAL_CONVERSION = YES;
				CLANG_WARN_OBJC_ROOT_CLASS = YES_ERROR;
				CLANG_WARN_QUOTED_INCLUDE_IN_FRAMEWORK_HEADER = YES;
				CLANG_WARN_RANGE_LOOP_ANALYSIS = YES;
				CLANG_WARN_STRICT_PROTOTYPES = YES;
				CLANG_WARN_SUSPICIOUS_MOVE = YES;
				CLANG_WARN_UNGUARDED_AVAILABILITY = YES_AGGRESSIVE;
				CLANG_WARN_UNREACHABLE_CODE = YES;
				CLANG_WARN__DUPLICATE_METHOD_MATCH = YES;
				COPY_PHASE_STRIP = NO;
				DEBUG_INFORMATION_FORMAT = dwarf;
				ENABLE_STRICT_OBJC_MSGSEND = YES;
				ENABLE_TESTABILITY = YES;
				ENABLE_USER_SCRIPT_SANDBOXING = YES;
				GCC_C_LANGUAGE_STANDARD = gnu17;
				GCC_DYNAMIC_NO_PIC = NO;
				GCC_NO_COMMON_BLOCKS = YES;
				GCC_OPTIMIZATION_LEVEL = 0;
				GCC_PREPROCESSOR_DEFINITIONS = (
					"DEBUG=1",
					"$(inherited)",
				);
				GCC_WARN_64_TO_32_BIT_CONVERSION = YES;
				GCC_WARN_ABOUT_RETURN_TYPE = YES_ERROR;
				GCC_WARN_UNDECLARED_SELECTOR = YES;
				GCC_WARN_UNINITIALIZED_AUTOS = YES_AGGRESSIVE;
				GCC_WARN_UNUSED_FUNCTION = YES;
				GCC_WARN_UNUSED_VARIABLE = YES;
				LOCALIZATION_PREFERS_STRING_CATALOGS = YES;
				MTL_ENABLE_DEBUG_INFO = INCLUDE_SOURCE;
				MTL_FAST_MATH = YES;
				ONLY_ACTIVE_ARCH = YES;
				SWIFT_ACTIVE_COMPILATION_CONDITIONS = "DEBUG $(inherited)";
				SWIFT_OPTIMIZATION_LEVEL = "-Onone";
			};
			name = Debug;
		};
		A0028BDF2AF973010043DE84 /* Release */ = {
			isa = XCBuildConfiguration;
			buildSettings = {
				ALWAYS_SEARCH_USER_PATHS = NO;
				ASSETCATALOG_COMPILER_GENERATE_SWIFT_ASSET_SYMBOL_EXTENSIONS = YES;
				CLANG_ANALYZER_NONNULL = YES;
				CLANG_ANALYZER_NUMBER_OBJECT_CONVERSION = YES_AGGRESSIVE;
				CLANG_CXX_LANGUAGE_STANDARD = "gnu++20";
				CLANG_ENABLE_MODULES = YES;
				CLANG_ENABLE_OBJC_ARC = YES;
				CLANG_ENABLE_OBJC_WEAK = YES;
				CLANG_WARN_BLOCK_CAPTURE_AUTORELEASING = YES;
				CLANG_WARN_BOOL_CONVERSION = YES;
				CLANG_WARN_COMMA = YES;
				CLANG_WARN_CONSTANT_CONVERSION = YES;
				CLANG_WARN_DEPRECATED_OBJC_IMPLEMENTATIONS = YES;
				CLANG_WARN_DIRECT_OBJC_ISA_USAGE = YES_ERROR;
				CLANG_WARN_DOCUMENTATION_COMMENTS = YES;
				CLANG_WARN_EMPTY_BODY = YES;
				CLANG_WARN_ENUM_CONVERSION = YES;
				CLANG_WARN_INFINITE_RECURSION = YES;
				CLANG_WARN_INT_CONVERSION = YES;
				CLANG_WARN_NON_LITERAL_NULL_CONVERSION = YES;
				CLANG_WARN_OBJC_IMPLICIT_RETAIN_SELF = YES;
				CLANG_WARN_OBJC_LITERAL_CONVERSION = YES;
				CLANG_WARN_OBJC_ROOT_CLASS = YES_ERROR;
				CLANG_WARN_QUOTED_INCLUDE_IN_FRAMEWORK_HEADER = YES;
				CLANG_WARN_RANGE_LOOP_ANALYSIS = YES;
				CLANG_WARN_STRICT_PROTOTYPES = YES;
				CLANG_WARN_SUSPICIOUS_MOVE = YES;
				CLANG_WARN_UNGUARDED_AVAILABILITY = YES_AGGRESSIVE;
				CLANG_WARN_UNREACHABLE_CODE = YES;
				CLANG_WARN__DUPLICATE_METHOD_MATCH = YES;
				COPY_PHASE_STRIP = NO;
				DEBUG_INFORMATION_FORMAT = "dwarf-with-dsym";
				ENABLE_NS_ASSERTIONS = NO;
				ENABLE_STRICT_OBJC_MSGSEND = YES;
				ENABLE_USER_SCRIPT_SANDBOXING = YES;
				GCC_C_LANGUAGE_STANDARD = gnu17;
				GCC_NO_COMMON_BLOCKS = YES;
				GCC_WARN_64_TO_32_BIT_CONVERSION = YES;
				GCC_WARN_ABOUT_RETURN_TYPE = YES_ERROR;
				GCC_WARN_UNDECLARED_SELECTOR = YES;
				GCC_WARN_UNINITIALIZED_AUTOS = YES_AGGRESSIVE;
				GCC_WARN_UNUSED_FUNCTION = YES;
				GCC_WARN_UNUSED_VARIABLE = YES;
				LOCALIZATION_PREFERS_STRING_CATALOGS = YES;
				MTL_ENABLE_DEBUG_INFO = NO;
				MTL_FAST_MATH = YES;
				SWIFT_COMPILATION_MODE = wholemodule;
			};
			name = Release;
		};
		A0028BE12AF973010043DE84 /* Debug */ = {
			isa = XCBuildConfiguration;
			baseConfigurationReference = 755015D7748CD7159667B44D /* Pods-xCodeApp.debug.xcconfig */;
			buildSettings = {
				ASSETCATALOG_COMPILER_APPICON_NAME = AppIcon;
				ASSETCATALOG_COMPILER_GLOBAL_ACCENT_COLOR_NAME = AccentColor;
				CODE_SIGN_ENTITLEMENTS = xCodeApp/xCodeApp.entitlements;
				CODE_SIGN_STYLE = Automatic;
				CURRENT_PROJECT_VERSION = 1;
				DEVELOPMENT_ASSET_PATHS = "\"xCodeApp/Preview Content\"";
				ENABLE_PREVIEWS = YES;
				GENERATE_INFOPLIST_FILE = YES;
				"INFOPLIST_KEY_UIApplicationSceneManifest_Generation[sdk=iphoneos*]" = YES;
				"INFOPLIST_KEY_UIApplicationSceneManifest_Generation[sdk=iphonesimulator*]" = YES;
				"INFOPLIST_KEY_UIApplicationSupportsIndirectInputEvents[sdk=iphoneos*]" = YES;
				"INFOPLIST_KEY_UIApplicationSupportsIndirectInputEvents[sdk=iphonesimulator*]" = YES;
				"INFOPLIST_KEY_UILaunchScreen_Generation[sdk=iphoneos*]" = YES;
				"INFOPLIST_KEY_UILaunchScreen_Generation[sdk=iphonesimulator*]" = YES;
				"INFOPLIST_KEY_UIStatusBarStyle[sdk=iphoneos*]" = UIStatusBarStyleDefault;
				"INFOPLIST_KEY_UIStatusBarStyle[sdk=iphonesimulator*]" = UIStatusBarStyleDefault;
				INFOPLIST_KEY_UISupportedInterfaceOrientations_iPad = "UIInterfaceOrientationPortrait UIInterfaceOrientationPortraitUpsideDown UIInterfaceOrientationLandscapeLeft UIInterfaceOrientationLandscapeRight";
				INFOPLIST_KEY_UISupportedInterfaceOrientations_iPhone = "UIInterfaceOrientationPortrait UIInterfaceOrientationLandscapeLeft UIInterfaceOrientationLandscapeRight";
				IPHONEOS_DEPLOYMENT_TARGET = 17.0;
				LD_RUNPATH_SEARCH_PATHS = "@executable_path/Frameworks";
				"LD_RUNPATH_SEARCH_PATHS[sdk=macosx*]" = "@executable_path/../Frameworks";
				MACOSX_DEPLOYMENT_TARGET = 14.0;
				MARKETING_VERSION = 1.0;
				PRODUCT_BUNDLE_IDENTIFIER = dicks.xCodeApp;
				PRODUCT_NAME = "$(TARGET_NAME)";
				SDKROOT = auto;
				SUPPORTED_PLATFORMS = "iphoneos iphonesimulator macosx";
				SWIFT_EMIT_LOC_STRINGS = YES;
				SWIFT_VERSION = 5.0;
				TARGETED_DEVICE_FAMILY = "1,2";
			};
			name = Debug;
		};
		A0028BE22AF973010043DE84 /* Release */ = {
			isa = XCBuildConfiguration;
			baseConfigurationReference = 3DBFEA699790F7785BB63C1C /* Pods-xCodeApp.release.xcconfig */;
			buildSettings = {
				ASSETCATALOG_COMPILER_APPICON_NAME = AppIcon;
				ASSETCATALOG_COMPILER_GLOBAL_ACCENT_COLOR_NAME = AccentColor;
				CODE_SIGN_ENTITLEMENTS = xCodeApp/xCodeApp.entitlements;
				CODE_SIGN_STYLE = Automatic;
				CURRENT_PROJECT_VERSION = 1;
				DEVELOPMENT_ASSET_PATHS = "\"xCodeApp/Preview Content\"";
				ENABLE_PREVIEWS = YES;
				GENERATE_INFOPLIST_FILE = YES;
				"INFOPLIST_KEY_UIApplicationSceneManifest_Generation[sdk=iphoneos*]" = YES;
				"INFOPLIST_KEY_UIApplicationSceneManifest_Generation[sdk=iphonesimulator*]" = YES;
				"INFOPLIST_KEY_UIApplicationSupportsIndirectInputEvents[sdk=iphoneos*]" = YES;
				"INFOPLIST_KEY_UIApplicationSupportsIndirectInputEvents[sdk=iphonesimulator*]" = YES;
				"INFOPLIST_KEY_UILaunchScreen_Generation[sdk=iphoneos*]" = YES;
				"INFOPLIST_KEY_UILaunchScreen_Generation[sdk=iphonesimulator*]" = YES;
				"INFOPLIST_KEY_UIStatusBarStyle[sdk=iphoneos*]" = UIStatusBarStyleDefault;
				"INFOPLIST_KEY_UIStatusBarStyle[sdk=iphonesimulator*]" = UIStatusBarStyleDefault;
				INFOPLIST_KEY_UISupportedInterfaceOrientations_iPad = "UIInterfaceOrientationPortrait UIInterfaceOrientationPortraitUpsideDown UIInterfaceOrientationLandscapeLeft UIInterfaceOrientationLandscapeRight";
				INFOPLIST_KEY_UISupportedInterfaceOrientations_iPhone = "UIInterfaceOrientationPortrait UIInterfaceOrientationLandscapeLeft UIInterfaceOrientationLandscapeRight";
				IPHONEOS_DEPLOYMENT_TARGET = 17.0;
				LD_RUNPATH_SEARCH_PATHS = "@executable_path/Frameworks";
				"LD_RUNPATH_SEARCH_PATHS[sdk=macosx*]" = "@executable_path/../Frameworks";
				MACOSX_DEPLOYMENT_TARGET = 14.0;
				MARKETING_VERSION = 1.0;
				PRODUCT_BUNDLE_IDENTIFIER = dicks.xCodeApp;
				PRODUCT_NAME = "$(TARGET_NAME)";
				SDKROOT = auto;
				SUPPORTED_PLATFORMS = "iphoneos iphonesimulator macosx";
				SWIFT_EMIT_LOC_STRINGS = YES;
				SWIFT_VERSION = 5.0;
				TARGETED_DEVICE_FAMILY = "1,2";
			};
			name = Release;
		};
		A0028BE42AF973010043DE84 /* Debug */ = {
			isa = XCBuildConfiguration;
			buildSettings = {
				ALWAYS_EMBED_SWIFT_STANDARD_LIBRARIES = YES;
				BUNDLE_LOADER = "$(TEST_HOST)";
				CODE_SIGN_STYLE = Automatic;
				CURRENT_PROJECT_VERSION = 1;
				GENERATE_INFOPLIST_FILE = YES;
				IPHONEOS_DEPLOYMENT_TARGET = 17.0;
				MACOSX_DEPLOYMENT_TARGET = 14.0;
				MARKETING_VERSION = 1.0;
				PRODUCT_BUNDLE_IDENTIFIER = dicks.xCodeAppTests;
				PRODUCT_NAME = "$(TARGET_NAME)";
				SDKROOT = auto;
				SUPPORTED_PLATFORMS = "iphoneos iphonesimulator macosx";
				SWIFT_EMIT_LOC_STRINGS = NO;
				SWIFT_VERSION = 5.0;
				TARGETED_DEVICE_FAMILY = "1,2";
				TEST_HOST = "$(BUILT_PRODUCTS_DIR)/xCodeApp.app/$(BUNDLE_EXECUTABLE_FOLDER_PATH)/xCodeApp";
			};
			name = Debug;
		};
		A0028BE52AF973010043DE84 /* Release */ = {
			isa = XCBuildConfiguration;
			buildSettings = {
				ALWAYS_EMBED_SWIFT_STANDARD_LIBRARIES = YES;
				BUNDLE_LOADER = "$(TEST_HOST)";
				CODE_SIGN_STYLE = Automatic;
				CURRENT_PROJECT_VERSION = 1;
				GENERATE_INFOPLIST_FILE = YES;
				IPHONEOS_DEPLOYMENT_TARGET = 17.0;
				MACOSX_DEPLOYMENT_TARGET = 14.0;
				MARKETING_VERSION = 1.0;
				PRODUCT_BUNDLE_IDENTIFIER = dicks.xCodeAppTests;
				PRODUCT_NAME = "$(TARGET_NAME)";
				SDKROOT = auto;
				SUPPORTED_PLATFORMS = "iphoneos iphonesimulator macosx";
				SWIFT_EMIT_LOC_STRINGS = NO;
				SWIFT_VERSION = 5.0;
				TARGETED_DEVICE_FAMILY = "1,2";
				TEST_HOST = "$(BUILT_PRODUCTS_DIR)/xCodeApp.app/$(BUNDLE_EXECUTABLE_FOLDER_PATH)/xCodeApp";
			};
			name = Release;
		};
		A0028BE72AF973010043DE84 /* Debug */ = {
			isa = XCBuildConfiguration;
			buildSettings = {
				ALWAYS_EMBED_SWIFT_STANDARD_LIBRARIES = YES;
				CODE_SIGN_STYLE = Automatic;
				CURRENT_PROJECT_VERSION = 1;
				GENERATE_INFOPLIST_FILE = YES;
				IPHONEOS_DEPLOYMENT_TARGET = 17.0;
				MACOSX_DEPLOYMENT_TARGET = 14.0;
				MARKETING_VERSION = 1.0;
				PRODUCT_BUNDLE_IDENTIFIER = dicks.xCodeAppUITests;
				PRODUCT_NAME = "$(TARGET_NAME)";
				SDKROOT = auto;
				SUPPORTED_PLATFORMS = "iphoneos iphonesimulator macosx";
				SWIFT_EMIT_LOC_STRINGS = NO;
				SWIFT_VERSION = 5.0;
				TARGETED_DEVICE_FAMILY = "1,2";
				TEST_TARGET_NAME = xCodeApp;
			};
			name = Debug;
		};
		A0028BE82AF973010043DE84 /* Release */ = {
			isa = XCBuildConfiguration;
			buildSettings = {
				ALWAYS_EMBED_SWIFT_STANDARD_LIBRARIES = YES;
				CODE_SIGN_STYLE = Automatic;
				CURRENT_PROJECT_VERSION = 1;
				GENERATE_INFOPLIST_FILE = YES;
				IPHONEOS_DEPLOYMENT_TARGET = 17.0;
				MACOSX_DEPLOYMENT_TARGET = 14.0;
				MARKETING_VERSION = 1.0;
				PRODUCT_BUNDLE_IDENTIFIER = dicks.xCodeAppUITests;
				PRODUCT_NAME = "$(TARGET_NAME)";
				SDKROOT = auto;
				SUPPORTED_PLATFORMS = "iphoneos iphonesimulator macosx";
				SWIFT_EMIT_LOC_STRINGS = NO;
				SWIFT_VERSION = 5.0;
				TARGETED_DEVICE_FAMILY = "1,2";
				TEST_TARGET_NAME = xCodeApp;
			};
			name = Release;
		};
/* End XCBuildConfiguration section */

/* Begin XCConfigurationList section */
		A0028BB62AF973000043DE84 /* Build configuration list for PBXProject "xCodeApp" */ = {
			isa = XCConfigurationList;
			buildConfigurations = (
				A0028BDE2AF973010043DE84 /* Debug */,
				A0028BDF2AF973010043DE84 /* Release */,
			);
			defaultConfigurationIsVisible = 0;
			defaultConfigurationName = Release;
		};
		A0028BE02AF973010043DE84 /* Build configuration list for PBXNativeTarget "xCodeApp" */ = {
			isa = XCConfigurationList;
			buildConfigurations = (
				A0028BE12AF973010043DE84 /* Debug */,
				A0028BE22AF973010043DE84 /* Release */,
			);
			defaultConfigurationIsVisible = 0;
			defaultConfigurationName = Release;
		};
		A0028BE32AF973010043DE84 /* Build configuration list for PBXNativeTarget "xCodeAppTests" */ = {
			isa = XCConfigurationList;
			buildConfigurations = (
				A0028BE42AF973010043DE84 /* Debug */,
				A0028BE52AF973010043DE84 /* Release */,
			);
			defaultConfigurationIsVisible = 0;
			defaultConfigurationName = Release;
		};
		A0028BE62AF973010043DE84 /* Build configuration list for PBXNativeTarget "xCodeAppUITests" */ = {
			isa = XCConfigurationList;
			buildConfigurations = (
				A0028BE72AF973010043DE84 /* Debug */,
				A0028BE82AF973010043DE84 /* Release */,
			);
			defaultConfigurationIsVisible = 0;
			defaultConfigurationName = Release;
		};
/* End XCConfigurationList section */
	};
	rootObject = A0028BB32AF973000043DE84 /* Project object */;
}
